
Microsoft Visual Studio Solution File, Format Version 12.00
# Visual Studio 14
VisualStudioVersion = 14.0.25123.0
MinimumVisualStudioVersion = 10.0.40219.1
Project("{FAE04EC0-301F-11D3-BF4B-00C04F79EFBC}") = "Recipe", "Recipe\Recipe.csproj", "{2E865A21-40E9-4067-9590-4F80EDF46B87}"
EndProject
Project("{00D1A9C2-B5F0-4AF3-8072-F6C62B433612}") = "RecipeDB", "RecipeDB\RecipeDB.sqlproj", "{46F20119-E7C3-4855-B031-B480D186841A}"
EndProject
Global
	GlobalSection(SolutionConfigurationPlatforms) = preSolution
		Debug|Any CPU = Debug|Any CPU
		Release|Any CPU = Release|Any CPU
	EndGlobalSection
	GlobalSection(ProjectConfigurationPlatforms) = postSolution
		{2E865A21-40E9-4067-9590-4F80EDF46B87}.Debug|Any CPU.ActiveCfg = Debug|Any CPU
		{2E865A21-40E9-4067-9590-4F80EDF46B87}.Debug|Any CPU.Build.0 = Debug|Any CPU
		{2E865A21-40E9-4067-9590-4F80EDF46B87}.Release|Any CPU.ActiveCfg = Release|Any CPU
		{2E865A21-40E9-4067-9590-4F80EDF46B87}.Release|Any CPU.Build.0 = Release|Any CPU
		{46F20119-E7C3-4855-B031-B480D186841A}.Debug|Any CPU.ActiveCfg = Debug|Any CPU
		{46F20119-E7C3-4855-B031-B480D186841A}.Debug|Any CPU.Build.0 = Debug|Any CPU
		{46F20119-E7C3-4855-B031-B480D186841A}.Debug|Any CPU.Deploy.0 = Debug|Any CPU
		{46F20119-E7C3-4855-B031-B480D186841A}.Release|Any CPU.ActiveCfg = Release|Any CPU
		{46F20119-E7C3-4855-B031-B480D186841A}.Release|Any CPU.Build.0 = Release|Any CPU
		{46F20119-E7C3-4855-B031-B480D186841A}.Release|Any CPU.Deploy.0 = Release|Any CPU
	EndGlobalSection
	GlobalSection(SolutionProperties) = preSolution
		HideSolutionNode = FALSE
	EndGlobalSection
EndGlobal
